
Microsoft Visual Studio Solution File, Format Version 12.00
Project("{FAE04EC0-301F-11D3-BF4B-00C04F79EFBC}") = "lib.dependency", "lib.dependency\lib.dependency.csproj", "{4DDC26CB-5AE1-4A2A-85E7-99F035D4E99E}"
EndProject
Project("{FAE04EC0-301F-11D3-BF4B-00C04F79EFBC}") = "console.client", "console.client\console.client.csproj", "{868B1D70-E4EF-4636-902D-6A7DE3AEB332}"
EndProject
Global
	GlobalSection(SolutionConfigurationPlatforms) = preSolution
		Debug|Any CPU = Debug|Any CPU
		Release|Any CPU = Release|Any CPU
	EndGlobalSection
	GlobalSection(ProjectConfigurationPlatforms) = postSolution
		{4DDC26CB-5AE1-4A2A-85E7-99F035D4E99E}.Debug|Any CPU.ActiveCfg = Debug|Any CPU
		{4DDC26CB-5AE1-4A2A-85E7-99F035D4E99E}.Debug|Any CPU.Build.0 = Debug|Any CPU
		{4DDC26CB-5AE1-4A2A-85E7-99F035D4E99E}.Release|Any CPU.ActiveCfg = Release|Any CPU
		{4DDC26CB-5AE1-4A2A-85E7-99F035D4E99E}.Release|Any CPU.Build.0 = Release|Any CPU
		{868B1D70-E4EF-4636-902D-6A7DE3AEB332}.Debug|Any CPU.ActiveCfg = Debug|Any CPU
		{868B1D70-E4EF-4636-902D-6A7DE3AEB332}.Debug|Any CPU.Build.0 = Debug|Any CPU
		{868B1D70-E4EF-4636-902D-6A7DE3AEB332}.Release|Any CPU.ActiveCfg = Release|Any CPU
		{868B1D70-E4EF-4636-902D-6A7DE3AEB332}.Release|Any CPU.Build.0 = Release|Any CPU
	EndGlobalSection
EndGlobal
